github.com/dave/jennifer v1.7.1 h1:B4jJJDHelWcDhlRQxWeo0Npa/pYKBLrirAQoTN45txo=
github.com/dave/jennifer v1.7.1/go.mod h1:nXbxhEmQfOZhWml3D1cDK5M1FLnMSozpbFN/m3RmGZc=
k8s.io/utils v0.0.0-20240921022957-49e7df575cb6 h1:MDF6h2H/h4tbzmtIKTuctcwZmY0tY9mD9fNT47QO6HI=
k8s.io/utils v0.0.0-20240921022957-49e7df575cb6/go.mod h1:OLgZIPagt7ERELqWJFomSt595RzquPNLL48iOWgYOg0=
